
Microsoft Visual Studio Solution File, Format Version 12.00
Project("{FAE04EC0-301F-11D3-BF4B-00C04F79EFBC}") = "Problem1", "Problem1\Problem1.csproj", "{F5DDCDB4-573C-41B9-9BF8-E43337B83DB4}"
EndProject
Project("{FAE04EC0-301F-11D3-BF4B-00C04F79EFBC}") = "Problem2", "Problem2\Problem2.csproj", "{9E888D22-1F19-4FC0-A8FB-1196B258C995}"
EndProject
Project("{FAE04EC0-301F-11D3-BF4B-00C04F79EFBC}") = "Problem3", "Problem3\Problem3.csproj", "{8F50DB10-C3D9-4937-8A90-68F1B554AA42}"
EndProject
Project("{FAE04EC0-301F-11D3-BF4B-00C04F79EFBC}") = "Problem4", "Problem4\Problem4.csproj", "{019EC93A-830B-4050-8631-73D3B67E5305}"
EndProject
Project("{FAE04EC0-301F-11D3-BF4B-00C04F79EFBC}") = "Problem5", "Problem5\Problem5.csproj", "{152B2529-68C5-4796-8CFF-BEE227347B4B}"
EndProject
Global
	GlobalSection(SolutionConfigurationPlatforms) = preSolution
		Debug|Any CPU = Debug|Any CPU
		Release|Any CPU = Release|Any CPU
	EndGlobalSection
	GlobalSection(ProjectConfigurationPlatforms) = postSolution
		{F5DDCDB4-573C-41B9-9BF8-E43337B83DB4}.Debug|Any CPU.ActiveCfg = Debug|Any CPU
		{F5DDCDB4-573C-41B9-9BF8-E43337B83DB4}.Debug|Any CPU.Build.0 = Debug|Any CPU
		{F5DDCDB4-573C-41B9-9BF8-E43337B83DB4}.Release|Any CPU.ActiveCfg = Release|Any CPU
		{F5DDCDB4-573C-41B9-9BF8-E43337B83DB4}.Release|Any CPU.Build.0 = Release|Any CPU
		{9E888D22-1F19-4FC0-A8FB-1196B258C995}.Debug|Any CPU.ActiveCfg = Debug|Any CPU
		{9E888D22-1F19-4FC0-A8FB-1196B258C995}.Debug|Any CPU.Build.0 = Debug|Any CPU
		{9E888D22-1F19-4FC0-A8FB-1196B258C995}.Release|Any CPU.ActiveCfg = Release|Any CPU
		{9E888D22-1F19-4FC0-A8FB-1196B258C995}.Release|Any CPU.Build.0 = Release|Any CPU
		{8F50DB10-C3D9-4937-8A90-68F1B554AA42}.Debug|Any CPU.ActiveCfg = Debug|Any CPU
		{8F50DB10-C3D9-4937-8A90-68F1B554AA42}.Debug|Any CPU.Build.0 = Debug|Any CPU
		{8F50DB10-C3D9-4937-8A90-68F1B554AA42}.Release|Any CPU.ActiveCfg = Release|Any CPU
		{8F50DB10-C3D9-4937-8A90-68F1B554AA42}.Release|Any CPU.Build.0 = Release|Any CPU
		{019EC93A-830B-4050-8631-73D3B67E5305}.Debug|Any CPU.ActiveCfg = Debug|Any CPU
		{019EC93A-830B-4050-8631-73D3B67E5305}.Debug|Any CPU.Build.0 = Debug|Any CPU
		{019EC93A-830B-4050-8631-73D3B67E5305}.Release|Any CPU.ActiveCfg = Release|Any CPU
		{019EC93A-830B-4050-8631-73D3B67E5305}.Release|Any CPU.Build.0 = Release|Any CPU
		{152B2529-68C5-4796-8CFF-BEE227347B4B}.Debug|Any CPU.ActiveCfg = Debug|Any CPU
		{152B2529-68C5-4796-8CFF-BEE227347B4B}.Debug|Any CPU.Build.0 = Debug|Any CPU
		{152B2529-68C5-4796-8CFF-BEE227347B4B}.Release|Any CPU.ActiveCfg = Release|Any CPU
		{152B2529-68C5-4796-8CFF-BEE227347B4B}.Release|Any CPU.Build.0 = Release|Any CPU
	EndGlobalSection
EndGlobal
