
Microsoft Visual Studio Solution File, Format Version 12.00
Project("{FAE04EC0-301F-11D3-BF4B-00C04F79EFBC}") = "Problem013", "Problem013\Problem013.csproj", "{10BDE466-FD35-4A26-9EE9-88221A829712}"
EndProject
Project("{FAE04EC0-301F-11D3-BF4B-00C04F79EFBC}") = "Problem014", "Problem014\Problem014.csproj", "{84527F6C-3F82-4337-88B9-5BD8FCCBA7F2}"
EndProject
Project("{FAE04EC0-301F-11D3-BF4B-00C04F79EFBC}") = "Euler-collection", "Euler-collection\Euler-collection.csproj", "{B7420DE1-B177-4857-9079-C4271FD6697E}"
EndProject
Global
	GlobalSection(SolutionConfigurationPlatforms) = preSolution
		Debug|Any CPU = Debug|Any CPU
		Release|Any CPU = Release|Any CPU
	EndGlobalSection
	GlobalSection(ProjectConfigurationPlatforms) = postSolution
		{10BDE466-FD35-4A26-9EE9-88221A829712}.Debug|Any CPU.ActiveCfg = Debug|Any CPU
		{10BDE466-FD35-4A26-9EE9-88221A829712}.Debug|Any CPU.Build.0 = Debug|Any CPU
		{10BDE466-FD35-4A26-9EE9-88221A829712}.Release|Any CPU.ActiveCfg = Release|Any CPU
		{10BDE466-FD35-4A26-9EE9-88221A829712}.Release|Any CPU.Build.0 = Release|Any CPU
		{84527F6C-3F82-4337-88B9-5BD8FCCBA7F2}.Debug|Any CPU.ActiveCfg = Debug|Any CPU
		{84527F6C-3F82-4337-88B9-5BD8FCCBA7F2}.Debug|Any CPU.Build.0 = Debug|Any CPU
		{84527F6C-3F82-4337-88B9-5BD8FCCBA7F2}.Release|Any CPU.ActiveCfg = Release|Any CPU
		{84527F6C-3F82-4337-88B9-5BD8FCCBA7F2}.Release|Any CPU.Build.0 = Release|Any CPU
		{B7420DE1-B177-4857-9079-C4271FD6697E}.Debug|Any CPU.ActiveCfg = Debug|Any CPU
		{B7420DE1-B177-4857-9079-C4271FD6697E}.Debug|Any CPU.Build.0 = Debug|Any CPU
		{B7420DE1-B177-4857-9079-C4271FD6697E}.Release|Any CPU.ActiveCfg = Release|Any CPU
		{B7420DE1-B177-4857-9079-C4271FD6697E}.Release|Any CPU.Build.0 = Release|Any CPU
	EndGlobalSection
EndGlobal
