
Microsoft Visual Studio Solution File, Format Version 12.00
Project("{FAE04EC0-301F-11D3-BF4B-00C04F79EFBC}") = "Problem001", "Problem001\Problem001.csproj", "{F5DDCDB4-573C-41B9-9BF8-E43337B83DB4}"
EndProject
Project("{FAE04EC0-301F-11D3-BF4B-00C04F79EFBC}") = "Problem002", "Problem002\Problem002.csproj", "{9E888D22-1F19-4FC0-A8FB-1196B258C995}"
EndProject
Project("{FAE04EC0-301F-11D3-BF4B-00C04F79EFBC}") = "Problem003", "Problem003\Problem003.csproj", "{8F50DB10-C3D9-4937-8A90-68F1B554AA42}"
EndProject
Project("{FAE04EC0-301F-11D3-BF4B-00C04F79EFBC}") = "Problem004", "Problem004\Problem004.csproj", "{019EC93A-830B-4050-8631-73D3B67E5305}"
EndProject
Project("{FAE04EC0-301F-11D3-BF4B-00C04F79EFBC}") = "Problem005", "Problem005\Problem005.csproj", "{152B2529-68C5-4796-8CFF-BEE227347B4B}"
EndProject
Project("{FAE04EC0-301F-11D3-BF4B-00C04F79EFBC}") = "Problem006", "Problem006\Problem006.csproj", "{0E4C9FBB-C8F6-4D5C-B40D-8231F2CDBA93}"
EndProject
Project("{FAE04EC0-301F-11D3-BF4B-00C04F79EFBC}") = "Problem007", "Problem007\Problem007.csproj", "{34EB13DC-B0AE-46EA-9262-FD4D0617D001}"
EndProject
Project("{FAE04EC0-301F-11D3-BF4B-00C04F79EFBC}") = "Problem008", "Problem008\Problem008.csproj", "{26D7DE9E-B1EE-4C79-B3A1-CD777465FE91}"
EndProject
Project("{FAE04EC0-301F-11D3-BF4B-00C04F79EFBC}") = "Problem009", "Problem009\Problem009.csproj", "{4F861FB6-DAEE-4E12-A758-ADF57BE9611A}"
EndProject
Project("{FAE04EC0-301F-11D3-BF4B-00C04F79EFBC}") = "Problem010", "Problem010\Problem010.csproj", "{B098F994-34B2-4509-B97F-571F6CD712F5}"
EndProject
Project("{FAE04EC0-301F-11D3-BF4B-00C04F79EFBC}") = "Problem011", "Problem011\Problem011.csproj", "{90E6410E-D734-42FF-A643-E7D531CCD737}"
EndProject
Project("{FAE04EC0-301F-11D3-BF4B-00C04F79EFBC}") = "Problem012", "Problem012\Problem012.csproj", "{B037A91B-BA6A-4F99-A441-E7274E51F5B5}"
EndProject
Global
	GlobalSection(SolutionConfigurationPlatforms) = preSolution
		Debug|Any CPU = Debug|Any CPU
		Release|Any CPU = Release|Any CPU
	EndGlobalSection
	GlobalSection(ProjectConfigurationPlatforms) = postSolution
		{F5DDCDB4-573C-41B9-9BF8-E43337B83DB4}.Debug|Any CPU.ActiveCfg = Debug|Any CPU
		{F5DDCDB4-573C-41B9-9BF8-E43337B83DB4}.Debug|Any CPU.Build.0 = Debug|Any CPU
		{F5DDCDB4-573C-41B9-9BF8-E43337B83DB4}.Release|Any CPU.ActiveCfg = Release|Any CPU
		{F5DDCDB4-573C-41B9-9BF8-E43337B83DB4}.Release|Any CPU.Build.0 = Release|Any CPU
		{9E888D22-1F19-4FC0-A8FB-1196B258C995}.Debug|Any CPU.ActiveCfg = Debug|Any CPU
		{9E888D22-1F19-4FC0-A8FB-1196B258C995}.Debug|Any CPU.Build.0 = Debug|Any CPU
		{9E888D22-1F19-4FC0-A8FB-1196B258C995}.Release|Any CPU.ActiveCfg = Release|Any CPU
		{9E888D22-1F19-4FC0-A8FB-1196B258C995}.Release|Any CPU.Build.0 = Release|Any CPU
		{8F50DB10-C3D9-4937-8A90-68F1B554AA42}.Debug|Any CPU.ActiveCfg = Debug|Any CPU
		{8F50DB10-C3D9-4937-8A90-68F1B554AA42}.Debug|Any CPU.Build.0 = Debug|Any CPU
		{8F50DB10-C3D9-4937-8A90-68F1B554AA42}.Release|Any CPU.ActiveCfg = Release|Any CPU
		{8F50DB10-C3D9-4937-8A90-68F1B554AA42}.Release|Any CPU.Build.0 = Release|Any CPU
		{019EC93A-830B-4050-8631-73D3B67E5305}.Debug|Any CPU.ActiveCfg = Debug|Any CPU
		{019EC93A-830B-4050-8631-73D3B67E5305}.Debug|Any CPU.Build.0 = Debug|Any CPU
		{019EC93A-830B-4050-8631-73D3B67E5305}.Release|Any CPU.ActiveCfg = Release|Any CPU
		{019EC93A-830B-4050-8631-73D3B67E5305}.Release|Any CPU.Build.0 = Release|Any CPU
		{152B2529-68C5-4796-8CFF-BEE227347B4B}.Debug|Any CPU.ActiveCfg = Debug|Any CPU
		{152B2529-68C5-4796-8CFF-BEE227347B4B}.Debug|Any CPU.Build.0 = Debug|Any CPU
		{152B2529-68C5-4796-8CFF-BEE227347B4B}.Release|Any CPU.ActiveCfg = Release|Any CPU
		{152B2529-68C5-4796-8CFF-BEE227347B4B}.Release|Any CPU.Build.0 = Release|Any CPU
		{0E4C9FBB-C8F6-4D5C-B40D-8231F2CDBA93}.Debug|Any CPU.ActiveCfg = Debug|Any CPU
		{0E4C9FBB-C8F6-4D5C-B40D-8231F2CDBA93}.Debug|Any CPU.Build.0 = Debug|Any CPU
		{0E4C9FBB-C8F6-4D5C-B40D-8231F2CDBA93}.Release|Any CPU.ActiveCfg = Release|Any CPU
		{0E4C9FBB-C8F6-4D5C-B40D-8231F2CDBA93}.Release|Any CPU.Build.0 = Release|Any CPU
		{34EB13DC-B0AE-46EA-9262-FD4D0617D001}.Debug|Any CPU.ActiveCfg = Debug|Any CPU
		{34EB13DC-B0AE-46EA-9262-FD4D0617D001}.Debug|Any CPU.Build.0 = Debug|Any CPU
		{34EB13DC-B0AE-46EA-9262-FD4D0617D001}.Release|Any CPU.ActiveCfg = Release|Any CPU
		{34EB13DC-B0AE-46EA-9262-FD4D0617D001}.Release|Any CPU.Build.0 = Release|Any CPU
		{26D7DE9E-B1EE-4C79-B3A1-CD777465FE91}.Debug|Any CPU.ActiveCfg = Debug|Any CPU
		{26D7DE9E-B1EE-4C79-B3A1-CD777465FE91}.Debug|Any CPU.Build.0 = Debug|Any CPU
		{26D7DE9E-B1EE-4C79-B3A1-CD777465FE91}.Release|Any CPU.ActiveCfg = Release|Any CPU
		{26D7DE9E-B1EE-4C79-B3A1-CD777465FE91}.Release|Any CPU.Build.0 = Release|Any CPU
		{4F861FB6-DAEE-4E12-A758-ADF57BE9611A}.Debug|Any CPU.ActiveCfg = Debug|Any CPU
		{4F861FB6-DAEE-4E12-A758-ADF57BE9611A}.Debug|Any CPU.Build.0 = Debug|Any CPU
		{4F861FB6-DAEE-4E12-A758-ADF57BE9611A}.Release|Any CPU.ActiveCfg = Release|Any CPU
		{4F861FB6-DAEE-4E12-A758-ADF57BE9611A}.Release|Any CPU.Build.0 = Release|Any CPU
		{B098F994-34B2-4509-B97F-571F6CD712F5}.Debug|Any CPU.ActiveCfg = Debug|Any CPU
		{B098F994-34B2-4509-B97F-571F6CD712F5}.Debug|Any CPU.Build.0 = Debug|Any CPU
		{B098F994-34B2-4509-B97F-571F6CD712F5}.Release|Any CPU.ActiveCfg = Release|Any CPU
		{B098F994-34B2-4509-B97F-571F6CD712F5}.Release|Any CPU.Build.0 = Release|Any CPU
		{90E6410E-D734-42FF-A643-E7D531CCD737}.Debug|Any CPU.ActiveCfg = Debug|Any CPU
		{90E6410E-D734-42FF-A643-E7D531CCD737}.Debug|Any CPU.Build.0 = Debug|Any CPU
		{90E6410E-D734-42FF-A643-E7D531CCD737}.Release|Any CPU.ActiveCfg = Release|Any CPU
		{90E6410E-D734-42FF-A643-E7D531CCD737}.Release|Any CPU.Build.0 = Release|Any CPU
		{B037A91B-BA6A-4F99-A441-E7274E51F5B5}.Debug|Any CPU.ActiveCfg = Debug|Any CPU
		{B037A91B-BA6A-4F99-A441-E7274E51F5B5}.Debug|Any CPU.Build.0 = Debug|Any CPU
		{B037A91B-BA6A-4F99-A441-E7274E51F5B5}.Release|Any CPU.ActiveCfg = Release|Any CPU
		{B037A91B-BA6A-4F99-A441-E7274E51F5B5}.Release|Any CPU.Build.0 = Release|Any CPU
	EndGlobalSection
EndGlobal
